
Microsoft Visual Studio Solution File, Format Version 12.00
# Visual Studio Version 17
VisualStudioVersion = 17.11.35222.181
MinimumVisualStudioVersion = 10.0.40219.1
Project("{FAE04EC0-301F-11D3-BF4B-00C04F79EFBC}") = "ProyectoT3", "ProyectoT3\ProyectoT3.csproj", "{3BCBC756-CD28-4579-8138-68CE8F84FED6}"
EndProject
Project("{FAE04EC0-301F-11D3-BF4B-00C04F79EFBC}") = "JuegosInteractivos", "JuegosInteractivos\JuegosInteractivos.csproj", "{65ED8CA8-B444-4642-B016-8C4BD4A93D45}"
EndProject
Global
	GlobalSection(SolutionConfigurationPlatforms) = preSolution
		Debug|Any CPU = Debug|Any CPU
		Release|Any CPU = Release|Any CPU
	EndGlobalSection
	GlobalSection(ProjectConfigurationPlatforms) = postSolution
		{3BCBC756-CD28-4579-8138-68CE8F84FED6}.Debug|Any CPU.ActiveCfg = Debug|Any CPU
		{3BCBC756-CD28-4579-8138-68CE8F84FED6}.Debug|Any CPU.Build.0 = Debug|Any CPU
		{3BCBC756-CD28-4579-8138-68CE8F84FED6}.Release|Any CPU.ActiveCfg = Release|Any CPU
		{3BCBC756-CD28-4579-8138-68CE8F84FED6}.Release|Any CPU.Build.0 = Release|Any CPU
		{65ED8CA8-B444-4642-B016-8C4BD4A93D45}.Debug|Any CPU.ActiveCfg = Debug|Any CPU
		{65ED8CA8-B444-4642-B016-8C4BD4A93D45}.Debug|Any CPU.Build.0 = Debug|Any CPU
		{65ED8CA8-B444-4642-B016-8C4BD4A93D45}.Release|Any CPU.ActiveCfg = Release|Any CPU
		{65ED8CA8-B444-4642-B016-8C4BD4A93D45}.Release|Any CPU.Build.0 = Release|Any CPU
	EndGlobalSection
	GlobalSection(SolutionProperties) = preSolution
		HideSolutionNode = FALSE
	EndGlobalSection
	GlobalSection(ExtensibilityGlobals) = postSolution
		SolutionGuid = {244D4FAD-5A04-4FBC-BD31-558363AF456C}
	EndGlobalSection
EndGlobal
